
Microsoft Visual Studio Solution File, Format Version 12.00
# Visual Studio 15
VisualStudioVersion = 15.0.28307.852
MinimumVisualStudioVersion = 10.0.40219.1
Project("{FAE04EC0-301F-11D3-BF4B-00C04F79EFBC}") = "apiSixCore", "apiSixCore\apiSixCore.csproj", "{CE0F172E-4A20-4A06-870C-7026DD824188}"
EndProject
Global
	GlobalSection(SolutionConfigurationPlatforms) = preSolution
		Debug|Any CPU = Debug|Any CPU
		Release|Any CPU = Release|Any CPU
	EndGlobalSection
	GlobalSection(ProjectConfigurationPlatforms) = postSolution
		{CE0F172E-4A20-4A06-870C-7026DD824188}.Debug|Any CPU.ActiveCfg = Debug|Any CPU
		{CE0F172E-4A20-4A06-870C-7026DD824188}.Debug|Any CPU.Build.0 = Debug|Any CPU
		{CE0F172E-4A20-4A06-870C-7026DD824188}.Release|Any CPU.ActiveCfg = Release|Any CPU
		{CE0F172E-4A20-4A06-870C-7026DD824188}.Release|Any CPU.Build.0 = Release|Any CPU
	EndGlobalSection
	GlobalSection(SolutionProperties) = preSolution
		HideSolutionNode = FALSE
	EndGlobalSection
	GlobalSection(ExtensibilityGlobals) = postSolution
		SolutionGuid = {4D514348-0BFD-40EC-B708-5D767517139A}
	EndGlobalSection
EndGlobal
